
Microsoft Visual Studio Solution File, Format Version 12.00
# Visual Studio 15
VisualStudioVersion = 15.0.27703.2000
MinimumVisualStudioVersion = 10.0.40219.1
Project("{2150E333-8FDC-42A3-9474-1A3956D46DE8}") = "External Files", "External Files", "{DFEB90EA-66BA-4B13-B9C3-72521C8792F8}"
EndProject
Project("{E24C65DC-7377-472B-9ABA-BC803B73C61A}") = "POGOProtos", "POGOProtos\src\POGOProtos\", "{FB407F32-56D7-438E-B750-DCCF72DBE177}"
	ProjectSection(WebsiteProperties) = preProject
		TargetFrameworkMoniker = ".NETFramework,Version%3Dv4.0"
		Debug.AspNetCompiler.VirtualPath = "/localhost_56310"
		Debug.AspNetCompiler.PhysicalPath = "POGOProtos\src\POGOProtos\"
		Debug.AspNetCompiler.TargetPath = "PrecompiledWeb\localhost_56310\"
		Debug.AspNetCompiler.Updateable = "true"
		Debug.AspNetCompiler.ForceOverwrite = "true"
		Debug.AspNetCompiler.FixedNames = "false"
		Debug.AspNetCompiler.Debug = "True"
		Release.AspNetCompiler.VirtualPath = "/localhost_56310"
		Release.AspNetCompiler.PhysicalPath = "POGOProtos\src\POGOProtos\"
		Release.AspNetCompiler.TargetPath = "PrecompiledWeb\localhost_56310\"
		Release.AspNetCompiler.Updateable = "true"
		Release.AspNetCompiler.ForceOverwrite = "true"
		Release.AspNetCompiler.FixedNames = "false"
		Release.AspNetCompiler.Debug = "False"
		VWDPort = "56310"
	EndProjectSection
EndProject
Project("{FAE04EC0-301F-11D3-BF4B-00C04F79EFBC}") = "GM_DataGenerator", "GM_DataGenerator\GM_DataGenerator.csproj", "{6CDB5492-83CA-4613-876D-4436D3278E66}"
EndProject
Project("{FAE04EC0-301F-11D3-BF4B-00C04F79EFBC}") = "GM_Decoder", "GM_Decoder\GM_Decoder.csproj", "{6E4EC8D8-5448-4117-9FA3-4EB6221DEB10}"
EndProject
Project("{FAE04EC0-301F-11D3-BF4B-00C04F79EFBC}") = "Utils", "..\..\Projects\Utils\Utils.csproj", "{6B808C0F-6E4A-4F0D-9200-B6807F1196B6}"
EndProject
Project("{FAE04EC0-301F-11D3-BF4B-00C04F79EFBC}") = "GM_protogen", "GM_protogen\GM_protogen.csproj", "{36903DA1-3191-4C43-A5AE-9537D87FDBCC}"
EndProject
Project("{2150E333-8FDC-42A3-9474-1A3956D46DE8}") = ".proj", ".proj", "{C3C36E44-FE5E-4BA7-9C62-DC4C6866D21B}"
	ProjectSection(SolutionItems) = preProject
		..\www\dependencies.proj = ..\www\dependencies.proj
		..\www\encounters.proj = ..\www\encounters.proj
		..\www\fix.proj = ..\www\fix.proj
		..\www\GAME_MASTER.proj = ..\www\GAME_MASTER.proj
		..\www\raidbosses.proj = ..\www\raidbosses.proj
	EndProjectSection
EndProject
Project("{FAE04EC0-301F-11D3-BF4B-00C04F79EFBC}") = "TimeStampDecoder", "TimeStampDecoder\TimeStampDecoder.csproj", "{11DB8BE5-30F2-46C9-85FE-2ABE0AF1EB2A}"
EndProject
Project("{FAE04EC0-301F-11D3-BF4B-00C04F79EFBC}") = "Utils.GameMaster", "Utils.GameMaster\Utils.GameMaster.csproj", "{52EAE237-FF48-4330-8E85-7577F4731BD5}"
EndProject
Project("{FAE04EC0-301F-11D3-BF4B-00C04F79EFBC}") = "TimeStampMungeFinder", "TimeStampMungeFinder\TimeStampMungeFinder.csproj", "{58BC29D5-6CBD-4CC9-89C7-C482F547872A}"
EndProject
Project("{E24C65DC-7377-472B-9ABA-BC803B73C61A}") = "_GAME_MASTER", "..\www\_GAME_MASTER\", "{121A3ED9-D62F-46E1-A29C-16642132F403}"
	ProjectSection(WebsiteProperties) = preProject
		TargetFrameworkMoniker = ".NETFramework,Version%3Dv4.0"
		Debug.AspNetCompiler.VirtualPath = "/localhost_65265"
		Debug.AspNetCompiler.PhysicalPath = "..\www\_GAME_MASTER\"
		Debug.AspNetCompiler.TargetPath = "PrecompiledWeb\localhost_65265\"
		Debug.AspNetCompiler.Updateable = "true"
		Debug.AspNetCompiler.ForceOverwrite = "true"
		Debug.AspNetCompiler.FixedNames = "false"
		Debug.AspNetCompiler.Debug = "True"
		Release.AspNetCompiler.VirtualPath = "/localhost_65265"
		Release.AspNetCompiler.PhysicalPath = "..\www\_GAME_MASTER\"
		Release.AspNetCompiler.TargetPath = "PrecompiledWeb\localhost_65265\"
		Release.AspNetCompiler.Updateable = "true"
		Release.AspNetCompiler.ForceOverwrite = "true"
		Release.AspNetCompiler.FixedNames = "false"
		Release.AspNetCompiler.Debug = "False"
		VWDPort = "65265"
		SlnRelativePath = "..\www\_GAME_MASTER\"
	EndProjectSection
EndProject
Project("{E24C65DC-7377-472B-9ABA-BC803B73C61A}") = "_datafiles.manual", "..\www\_datafiles.manual\", "{EEB51876-1E75-4780-8D35-419C43A526E3}"
	ProjectSection(WebsiteProperties) = preProject
		TargetFrameworkMoniker = ".NETFramework,Version%3Dv4.0"
		Debug.AspNetCompiler.VirtualPath = "/localhost_65270"
		Debug.AspNetCompiler.PhysicalPath = "..\www\_datafiles.manual\"
		Debug.AspNetCompiler.TargetPath = "PrecompiledWeb\localhost_65270\"
		Debug.AspNetCompiler.Updateable = "true"
		Debug.AspNetCompiler.ForceOverwrite = "true"
		Debug.AspNetCompiler.FixedNames = "false"
		Debug.AspNetCompiler.Debug = "True"
		Release.AspNetCompiler.VirtualPath = "/localhost_65270"
		Release.AspNetCompiler.PhysicalPath = "..\www\_datafiles.manual\"
		Release.AspNetCompiler.TargetPath = "PrecompiledWeb\localhost_65270\"
		Release.AspNetCompiler.Updateable = "true"
		Release.AspNetCompiler.ForceOverwrite = "true"
		Release.AspNetCompiler.FixedNames = "false"
		Release.AspNetCompiler.Debug = "False"
		VWDPort = "65270"
		SlnRelativePath = "..\www\_datafiles.manual\"
	EndProjectSection
EndProject
Project("{E24C65DC-7377-472B-9ABA-BC803B73C61A}") = "_datafiles", "..\www\_datafiles\", "{51D73A6C-977F-46D3-AF43-317A08EBBB9F}"
	ProjectSection(WebsiteProperties) = preProject
		TargetFrameworkMoniker = ".NETFramework,Version%3Dv4.0"
		Debug.AspNetCompiler.VirtualPath = "/localhost_65277"
		Debug.AspNetCompiler.PhysicalPath = "..\www\_datafiles\"
		Debug.AspNetCompiler.TargetPath = "PrecompiledWeb\localhost_65277\"
		Debug.AspNetCompiler.Updateable = "true"
		Debug.AspNetCompiler.ForceOverwrite = "true"
		Debug.AspNetCompiler.FixedNames = "false"
		Debug.AspNetCompiler.Debug = "True"
		Release.AspNetCompiler.VirtualPath = "/localhost_65277"
		Release.AspNetCompiler.PhysicalPath = "..\www\_datafiles\"
		Release.AspNetCompiler.TargetPath = "PrecompiledWeb\localhost_65277\"
		Release.AspNetCompiler.Updateable = "true"
		Release.AspNetCompiler.ForceOverwrite = "true"
		Release.AspNetCompiler.FixedNames = "false"
		Release.AspNetCompiler.Debug = "False"
		VWDPort = "65277"
		SlnRelativePath = "..\www\_datafiles\"
	EndProjectSection
EndProject
Global
	GlobalSection(SolutionConfigurationPlatforms) = preSolution
		Debug|Any CPU = Debug|Any CPU
		Release|Any CPU = Release|Any CPU
		VS|Any CPU = VS|Any CPU
	EndGlobalSection
	GlobalSection(ProjectConfigurationPlatforms) = postSolution
		{FB407F32-56D7-438E-B750-DCCF72DBE177}.Debug|Any CPU.ActiveCfg = Debug|Any CPU
		{FB407F32-56D7-438E-B750-DCCF72DBE177}.Debug|Any CPU.Build.0 = Debug|Any CPU
		{FB407F32-56D7-438E-B750-DCCF72DBE177}.Release|Any CPU.ActiveCfg = Debug|Any CPU
		{FB407F32-56D7-438E-B750-DCCF72DBE177}.Release|Any CPU.Build.0 = Debug|Any CPU
		{FB407F32-56D7-438E-B750-DCCF72DBE177}.VS|Any CPU.ActiveCfg = Debug|Any CPU
		{FB407F32-56D7-438E-B750-DCCF72DBE177}.VS|Any CPU.Build.0 = Debug|Any CPU
		{6CDB5492-83CA-4613-876D-4436D3278E66}.Debug|Any CPU.ActiveCfg = Debug|Any CPU
		{6CDB5492-83CA-4613-876D-4436D3278E66}.Debug|Any CPU.Build.0 = Debug|Any CPU
		{6CDB5492-83CA-4613-876D-4436D3278E66}.Release|Any CPU.ActiveCfg = Release|Any CPU
		{6CDB5492-83CA-4613-876D-4436D3278E66}.Release|Any CPU.Build.0 = Release|Any CPU
		{6CDB5492-83CA-4613-876D-4436D3278E66}.VS|Any CPU.ActiveCfg = Release|Any CPU
		{6CDB5492-83CA-4613-876D-4436D3278E66}.VS|Any CPU.Build.0 = Release|Any CPU
		{6E4EC8D8-5448-4117-9FA3-4EB6221DEB10}.Debug|Any CPU.ActiveCfg = Debug|Any CPU
		{6E4EC8D8-5448-4117-9FA3-4EB6221DEB10}.Debug|Any CPU.Build.0 = Debug|Any CPU
		{6E4EC8D8-5448-4117-9FA3-4EB6221DEB10}.Release|Any CPU.ActiveCfg = Release|Any CPU
		{6E4EC8D8-5448-4117-9FA3-4EB6221DEB10}.Release|Any CPU.Build.0 = Release|Any CPU
		{6E4EC8D8-5448-4117-9FA3-4EB6221DEB10}.VS|Any CPU.ActiveCfg = Release|Any CPU
		{6E4EC8D8-5448-4117-9FA3-4EB6221DEB10}.VS|Any CPU.Build.0 = Release|Any CPU
		{6B808C0F-6E4A-4F0D-9200-B6807F1196B6}.Debug|Any CPU.ActiveCfg = Debug|Any CPU
		{6B808C0F-6E4A-4F0D-9200-B6807F1196B6}.Debug|Any CPU.Build.0 = Debug|Any CPU
		{6B808C0F-6E4A-4F0D-9200-B6807F1196B6}.Release|Any CPU.ActiveCfg = Release|Any CPU
		{6B808C0F-6E4A-4F0D-9200-B6807F1196B6}.Release|Any CPU.Build.0 = Release|Any CPU
		{6B808C0F-6E4A-4F0D-9200-B6807F1196B6}.VS|Any CPU.ActiveCfg = Release|Any CPU
		{6B808C0F-6E4A-4F0D-9200-B6807F1196B6}.VS|Any CPU.Build.0 = Release|Any CPU
		{36903DA1-3191-4C43-A5AE-9537D87FDBCC}.Debug|Any CPU.ActiveCfg = Debug|Any CPU
		{36903DA1-3191-4C43-A5AE-9537D87FDBCC}.Debug|Any CPU.Build.0 = Debug|Any CPU
		{36903DA1-3191-4C43-A5AE-9537D87FDBCC}.Release|Any CPU.ActiveCfg = Release|Any CPU
		{36903DA1-3191-4C43-A5AE-9537D87FDBCC}.Release|Any CPU.Build.0 = Release|Any CPU
		{36903DA1-3191-4C43-A5AE-9537D87FDBCC}.VS|Any CPU.ActiveCfg = Release|Any CPU
		{36903DA1-3191-4C43-A5AE-9537D87FDBCC}.VS|Any CPU.Build.0 = Release|Any CPU
		{11DB8BE5-30F2-46C9-85FE-2ABE0AF1EB2A}.Debug|Any CPU.ActiveCfg = Debug|Any CPU
		{11DB8BE5-30F2-46C9-85FE-2ABE0AF1EB2A}.Debug|Any CPU.Build.0 = Debug|Any CPU
		{11DB8BE5-30F2-46C9-85FE-2ABE0AF1EB2A}.Release|Any CPU.ActiveCfg = Release|Any CPU
		{11DB8BE5-30F2-46C9-85FE-2ABE0AF1EB2A}.Release|Any CPU.Build.0 = Release|Any CPU
		{11DB8BE5-30F2-46C9-85FE-2ABE0AF1EB2A}.VS|Any CPU.ActiveCfg = Release|Any CPU
		{11DB8BE5-30F2-46C9-85FE-2ABE0AF1EB2A}.VS|Any CPU.Build.0 = Release|Any CPU
		{52EAE237-FF48-4330-8E85-7577F4731BD5}.Debug|Any CPU.ActiveCfg = Debug|Any CPU
		{52EAE237-FF48-4330-8E85-7577F4731BD5}.Debug|Any CPU.Build.0 = Debug|Any CPU
		{52EAE237-FF48-4330-8E85-7577F4731BD5}.Release|Any CPU.ActiveCfg = Release|Any CPU
		{52EAE237-FF48-4330-8E85-7577F4731BD5}.Release|Any CPU.Build.0 = Release|Any CPU
		{52EAE237-FF48-4330-8E85-7577F4731BD5}.VS|Any CPU.ActiveCfg = Release|Any CPU
		{52EAE237-FF48-4330-8E85-7577F4731BD5}.VS|Any CPU.Build.0 = Release|Any CPU
		{58BC29D5-6CBD-4CC9-89C7-C482F547872A}.Debug|Any CPU.ActiveCfg = Debug|Any CPU
		{58BC29D5-6CBD-4CC9-89C7-C482F547872A}.Debug|Any CPU.Build.0 = Debug|Any CPU
		{58BC29D5-6CBD-4CC9-89C7-C482F547872A}.Release|Any CPU.ActiveCfg = Release|Any CPU
		{58BC29D5-6CBD-4CC9-89C7-C482F547872A}.Release|Any CPU.Build.0 = Release|Any CPU
		{58BC29D5-6CBD-4CC9-89C7-C482F547872A}.VS|Any CPU.ActiveCfg = Release|Any CPU
		{58BC29D5-6CBD-4CC9-89C7-C482F547872A}.VS|Any CPU.Build.0 = Release|Any CPU
		{121A3ED9-D62F-46E1-A29C-16642132F403}.Debug|Any CPU.ActiveCfg = Debug|Any CPU
		{121A3ED9-D62F-46E1-A29C-16642132F403}.Debug|Any CPU.Build.0 = Debug|Any CPU
		{121A3ED9-D62F-46E1-A29C-16642132F403}.Release|Any CPU.ActiveCfg = Debug|Any CPU
		{121A3ED9-D62F-46E1-A29C-16642132F403}.Release|Any CPU.Build.0 = Debug|Any CPU
		{121A3ED9-D62F-46E1-A29C-16642132F403}.VS|Any CPU.ActiveCfg = Debug|Any CPU
		{121A3ED9-D62F-46E1-A29C-16642132F403}.VS|Any CPU.Build.0 = Debug|Any CPU
		{EEB51876-1E75-4780-8D35-419C43A526E3}.Debug|Any CPU.ActiveCfg = Debug|Any CPU
		{EEB51876-1E75-4780-8D35-419C43A526E3}.Debug|Any CPU.Build.0 = Debug|Any CPU
		{EEB51876-1E75-4780-8D35-419C43A526E3}.Release|Any CPU.ActiveCfg = Debug|Any CPU
		{EEB51876-1E75-4780-8D35-419C43A526E3}.Release|Any CPU.Build.0 = Debug|Any CPU
		{EEB51876-1E75-4780-8D35-419C43A526E3}.VS|Any CPU.ActiveCfg = Debug|Any CPU
		{EEB51876-1E75-4780-8D35-419C43A526E3}.VS|Any CPU.Build.0 = Debug|Any CPU
		{51D73A6C-977F-46D3-AF43-317A08EBBB9F}.Debug|Any CPU.ActiveCfg = Debug|Any CPU
		{51D73A6C-977F-46D3-AF43-317A08EBBB9F}.Debug|Any CPU.Build.0 = Debug|Any CPU
		{51D73A6C-977F-46D3-AF43-317A08EBBB9F}.Release|Any CPU.ActiveCfg = Debug|Any CPU
		{51D73A6C-977F-46D3-AF43-317A08EBBB9F}.Release|Any CPU.Build.0 = Debug|Any CPU
		{51D73A6C-977F-46D3-AF43-317A08EBBB9F}.VS|Any CPU.ActiveCfg = Debug|Any CPU
		{51D73A6C-977F-46D3-AF43-317A08EBBB9F}.VS|Any CPU.Build.0 = Debug|Any CPU
	EndGlobalSection
	GlobalSection(SolutionProperties) = preSolution
		HideSolutionNode = FALSE
	EndGlobalSection
	GlobalSection(NestedProjects) = preSolution
		{C3C36E44-FE5E-4BA7-9C62-DC4C6866D21B} = {DFEB90EA-66BA-4B13-B9C3-72521C8792F8}
		{121A3ED9-D62F-46E1-A29C-16642132F403} = {DFEB90EA-66BA-4B13-B9C3-72521C8792F8}
		{EEB51876-1E75-4780-8D35-419C43A526E3} = {DFEB90EA-66BA-4B13-B9C3-72521C8792F8}
		{51D73A6C-977F-46D3-AF43-317A08EBBB9F} = {DFEB90EA-66BA-4B13-B9C3-72521C8792F8}
	EndGlobalSection
	GlobalSection(ExtensibilityGlobals) = postSolution
		SolutionGuid = {D4815CDF-AFF0-4B51-BAA0-31B2FA8CE570}
	EndGlobalSection
EndGlobal
