
Microsoft Visual Studio Solution File, Format Version 12.00
# Visual Studio 15
VisualStudioVersion = 15.0.27703.2000
MinimumVisualStudioVersion = 10.0.40219.1
Project("{2150E333-8FDC-42A3-9474-1A3956D46DE8}") = "_datafiles.manual", "_datafiles.manual", "{E1E2B8AD-800A-478A-A52E-C0AC01EF4C5B}"
	ProjectSection(SolutionItems) = preProject
		..\www\_datafiles.manual\eggs.xml = ..\www\_datafiles.manual\eggs.xml
		..\www\_datafiles.manual\fieldresearch.xml = ..\www\_datafiles.manual\fieldresearch.xml
		..\www\_datafiles.manual\images.xml = ..\www\_datafiles.manual\images.xml
		..\www\_datafiles.manual\pokemon.availability.xml = ..\www\_datafiles.manual\pokemon.availability.xml
		..\www\_datafiles.manual\pokemon.unreleased.xml = ..\www\_datafiles.manual\pokemon.unreleased.xml
		..\www\_datafiles.manual\raidbosses.xml = ..\www\_datafiles.manual\raidbosses.xml
		..\www\_datafiles.manual\ranges.xml = ..\www\_datafiles.manual\ranges.xml
		..\www\_datafiles.manual\special.moves.xml = ..\www\_datafiles.manual\special.moves.xml
	EndProjectSection
EndProject
Project("{2150E333-8FDC-42A3-9474-1A3956D46DE8}") = "_datafiles", "_datafiles", "{4B403EE7-11D2-4ACC-8FA1-6580E030B295}"
	ProjectSection(SolutionItems) = preProject
		..\www\_datafiles\constants.xml = ..\www\_datafiles\constants.xml
		..\www\_datafiles\effectiveness.xml = ..\www\_datafiles\effectiveness.xml
		..\www\_datafiles\GAME_MASTER.xml = ..\www\_datafiles\GAME_MASTER.xml
		..\www\_datafiles\moves.charged.xml = ..\www\_datafiles\moves.charged.xml
		..\www\_datafiles\moves.fast.xml = ..\www\_datafiles\moves.fast.xml
		..\www\_datafiles\movesets.gen1.xml = ..\www\_datafiles\movesets.gen1.xml
		..\www\_datafiles\movesets.gen2.xml = ..\www\_datafiles\movesets.gen2.xml
		..\www\_datafiles\movesets.gen3.xml = ..\www\_datafiles\movesets.gen3.xml
		..\www\_datafiles\pokestats.gen1.xml = ..\www\_datafiles\pokestats.gen1.xml
		..\www\_datafiles\pokestats.gen2.xml = ..\www\_datafiles\pokestats.gen2.xml
		..\www\_datafiles\pokestats.gen3.xml = ..\www\_datafiles\pokestats.gen3.xml
		..\www\_datafiles\pokestats.gen4.xml = ..\www\_datafiles\pokestats.gen4.xml
		..\www\_datafiles\pokestats.gen5.xml = ..\www\_datafiles\pokestats.gen5.xml
		..\www\_datafiles\pokestats.gen6.xml = ..\www\_datafiles\pokestats.gen6.xml
		..\www\_datafiles\pokestats.gen7.xml = ..\www\_datafiles\pokestats.gen7.xml
		..\www\_datafiles\settings.xml = ..\www\_datafiles\settings.xml
	EndProjectSection
EndProject
Project("{2150E333-8FDC-42A3-9474-1A3956D46DE8}") = "GAME_MASTER", "GAME_MASTER", "{1961D0E4-395F-4ECA-A2AB-3822862C9244}"
	ProjectSection(SolutionItems) = preProject
		..\www\tech\GAME_MASTER\archive\0000015638B96885_GAME_MASTER.json = ..\www\tech\GAME_MASTER\archive\0000015638B96885_GAME_MASTER.json
		..\www\tech\GAME_MASTER\archive\00000156A5379E92_GAME_MASTER.json = ..\www\tech\GAME_MASTER\archive\00000156A5379E92_GAME_MASTER.json
		..\www\tech\GAME_MASTER\archive\00000156B50BE126_GAME_MASTER.json = ..\www\tech\GAME_MASTER\archive\00000156B50BE126_GAME_MASTER.json
		..\www\tech\GAME_MASTER\archive\00000157153CDA4A_GAME_MASTER.json = ..\www\tech\GAME_MASTER\archive\00000157153CDA4A_GAME_MASTER.json
		..\www\tech\GAME_MASTER\archive\0000015840804D3D_GAME_MASTER.json = ..\www\tech\GAME_MASTER\archive\0000015840804D3D_GAME_MASTER.json
		..\www\tech\GAME_MASTER\archive\000001585572A2E1_GAME_MASTER.json = ..\www\tech\GAME_MASTER\archive\000001585572A2E1_GAME_MASTER.json
		..\www\tech\GAME_MASTER\archive\0000015888C74FCD_GAME_MASTER.json = ..\www\tech\GAME_MASTER\archive\0000015888C74FCD_GAME_MASTER.json
		..\www\tech\GAME_MASTER\archive\00000158F4CAF439_GAME_MASTER.json = ..\www\tech\GAME_MASTER\archive\00000158F4CAF439_GAME_MASTER.json
		..\www\tech\GAME_MASTER\archive\000001597FF747A8_GAME_MASTER = ..\www\tech\GAME_MASTER\archive\000001597FF747A8_GAME_MASTER
		..\www\tech\GAME_MASTER\archive\000001597FF747A8_GAME_MASTER.json = ..\www\tech\GAME_MASTER\archive\000001597FF747A8_GAME_MASTER.json
		..\www\tech\GAME_MASTER\archive\0000015A4929C982_GAME_MASTER.json = ..\www\tech\GAME_MASTER\archive\0000015A4929C982_GAME_MASTER.json
		..\www\tech\GAME_MASTER\archive\0000015A959194C1_GAME_MASTER = ..\www\tech\GAME_MASTER\archive\0000015A959194C1_GAME_MASTER
		..\www\tech\GAME_MASTER\archive\0000015A959194C1_GAME_MASTER.json = ..\www\tech\GAME_MASTER\archive\0000015A959194C1_GAME_MASTER.json
		..\www\tech\GAME_MASTER\archive\0000015AA56F3405_GAME_MASTER.json = ..\www\tech\GAME_MASTER\archive\0000015AA56F3405_GAME_MASTER.json
		..\www\tech\GAME_MASTER\archive\0000015AF8B44322_GAME_MASTER.json = ..\www\tech\GAME_MASTER\archive\0000015AF8B44322_GAME_MASTER.json
		..\www\tech\GAME_MASTER\archive\0000015AFCED535C_GAME_MASTER = ..\www\tech\GAME_MASTER\archive\0000015AFCED535C_GAME_MASTER
		..\www\tech\GAME_MASTER\archive\0000015AFCED535C_GAME_MASTER.json = ..\www\tech\GAME_MASTER\archive\0000015AFCED535C_GAME_MASTER.json
		..\www\tech\GAME_MASTER\archive\0000015B1BBB017A_GAME_MASTER.json = ..\www\tech\GAME_MASTER\archive\0000015B1BBB017A_GAME_MASTER.json
		..\www\tech\GAME_MASTER\archive\0000015B686F6C5A_GAME_MASTER = ..\www\tech\GAME_MASTER\archive\0000015B686F6C5A_GAME_MASTER
		..\www\tech\GAME_MASTER\archive\0000015B686F6C5A_GAME_MASTER.json = ..\www\tech\GAME_MASTER\archive\0000015B686F6C5A_GAME_MASTER.json
		..\www\tech\GAME_MASTER\archive\0000015BDA516F3B_GAME_MASTER.json = ..\www\tech\GAME_MASTER\archive\0000015BDA516F3B_GAME_MASTER.json
		..\www\tech\GAME_MASTER\archive\0000015CC436FE0B_GAME_MASTER = ..\www\tech\GAME_MASTER\archive\0000015CC436FE0B_GAME_MASTER
		..\www\tech\GAME_MASTER\archive\0000015CC436FE0B_GAME_MASTER.json = ..\www\tech\GAME_MASTER\archive\0000015CC436FE0B_GAME_MASTER.json
		..\www\tech\GAME_MASTER\archive\0000015CEC096F1D_GAME_MASTER = ..\www\tech\GAME_MASTER\archive\0000015CEC096F1D_GAME_MASTER
		..\www\tech\GAME_MASTER\archive\0000015CEC096F1D_GAME_MASTER.json = ..\www\tech\GAME_MASTER\archive\0000015CEC096F1D_GAME_MASTER.json
		..\www\tech\GAME_MASTER\archive\0000015CF6E7776C_GAME_MASTER.json = ..\www\tech\GAME_MASTER\archive\0000015CF6E7776C_GAME_MASTER.json
		..\www\tech\GAME_MASTER\archive\0000015D8C7A22BC_GAME_MASTER = ..\www\tech\GAME_MASTER\archive\0000015D8C7A22BC_GAME_MASTER
		..\www\tech\GAME_MASTER\archive\0000015D8C7A22BC_GAME_MASTER.json = ..\www\tech\GAME_MASTER\archive\0000015D8C7A22BC_GAME_MASTER.json
		..\www\tech\GAME_MASTER\archive\0000015DDC138A59_GAME_MASTER = ..\www\tech\GAME_MASTER\archive\0000015DDC138A59_GAME_MASTER
		..\www\tech\GAME_MASTER\archive\0000015DDC138A59_GAME_MASTER.json = ..\www\tech\GAME_MASTER\archive\0000015DDC138A59_GAME_MASTER.json
		..\www\tech\GAME_MASTER\archive\0000015E35489938_GAME_MASTER = ..\www\tech\GAME_MASTER\archive\0000015E35489938_GAME_MASTER
		..\www\tech\GAME_MASTER\archive\0000015E35489938_GAME_MASTER.json = ..\www\tech\GAME_MASTER\archive\0000015E35489938_GAME_MASTER.json
		..\www\tech\GAME_MASTER\archive\0000015E7817537F_GAME_MASTER = ..\www\tech\GAME_MASTER\archive\0000015E7817537F_GAME_MASTER
		..\www\tech\GAME_MASTER\archive\0000015E7817537F_GAME_MASTER.json = ..\www\tech\GAME_MASTER\archive\0000015E7817537F_GAME_MASTER.json
		..\www\tech\GAME_MASTER\archive\0000015E9622D4A5_GAME_MASTER = ..\www\tech\GAME_MASTER\archive\0000015E9622D4A5_GAME_MASTER
		..\www\tech\GAME_MASTER\archive\0000015E9622D4A5_GAME_MASTER.json = ..\www\tech\GAME_MASTER\archive\0000015E9622D4A5_GAME_MASTER.json
		..\www\tech\GAME_MASTER\archive\0000015EE92EAAD1_GAME_MASTER = ..\www\tech\GAME_MASTER\archive\0000015EE92EAAD1_GAME_MASTER
		..\www\tech\GAME_MASTER\archive\0000015EE92EAAD1_GAME_MASTER.json = ..\www\tech\GAME_MASTER\archive\0000015EE92EAAD1_GAME_MASTER.json
		..\www\tech\GAME_MASTER\archive\0000015F319D5A38_GAME_MASTER = ..\www\tech\GAME_MASTER\archive\0000015F319D5A38_GAME_MASTER
		..\www\tech\GAME_MASTER\archive\0000015F319D5A38_GAME_MASTER.json = ..\www\tech\GAME_MASTER\archive\0000015F319D5A38_GAME_MASTER.json
		..\www\tech\GAME_MASTER\archive\0000015F3728C9B1_GAME_MASTER = ..\www\tech\GAME_MASTER\archive\0000015F3728C9B1_GAME_MASTER
		..\www\tech\GAME_MASTER\archive\0000015F3728C9B1_GAME_MASTER.json = ..\www\tech\GAME_MASTER\archive\0000015F3728C9B1_GAME_MASTER.json
		..\www\tech\GAME_MASTER\archive\0000015F5106814D_GAME_MASTER = ..\www\tech\GAME_MASTER\archive\0000015F5106814D_GAME_MASTER
		..\www\tech\GAME_MASTER\archive\0000015F5106814D_GAME_MASTER.json = ..\www\tech\GAME_MASTER\archive\0000015F5106814D_GAME_MASTER.json
		..\www\tech\GAME_MASTER\archive\0000016037A497F9_GAME_MASTER = ..\www\tech\GAME_MASTER\archive\0000016037A497F9_GAME_MASTER
		..\www\tech\GAME_MASTER\archive\0000016037A497F9_GAME_MASTER.json = ..\www\tech\GAME_MASTER\archive\0000016037A497F9_GAME_MASTER.json
		..\www\tech\GAME_MASTER\archive\000001607B20D037_GAME_MASTER = ..\www\tech\GAME_MASTER\archive\000001607B20D037_GAME_MASTER
		..\www\tech\GAME_MASTER\archive\000001607B20D037_GAME_MASTER.json = ..\www\tech\GAME_MASTER\archive\000001607B20D037_GAME_MASTER.json
		..\www\tech\GAME_MASTER\archive\00000160EC3209ED_GAME_MASTER = ..\www\tech\GAME_MASTER\archive\00000160EC3209ED_GAME_MASTER
		..\www\tech\GAME_MASTER\archive\00000160EC3209ED_GAME_MASTER.json = ..\www\tech\GAME_MASTER\archive\00000160EC3209ED_GAME_MASTER.json
		..\www\tech\GAME_MASTER\archive\00000161111673DA_GAME_MASTER = ..\www\tech\GAME_MASTER\archive\00000161111673DA_GAME_MASTER
		..\www\tech\GAME_MASTER\archive\00000161111673DA_GAME_MASTER.json = ..\www\tech\GAME_MASTER\archive\00000161111673DA_GAME_MASTER.json
		..\www\tech\GAME_MASTER\archive\00000161209CAE8F_GAME_MASTER = ..\www\tech\GAME_MASTER\archive\00000161209CAE8F_GAME_MASTER
		..\www\tech\GAME_MASTER\archive\00000161209CAE8F_GAME_MASTER.json = ..\www\tech\GAME_MASTER\archive\00000161209CAE8F_GAME_MASTER.json
		..\www\tech\GAME_MASTER\archive\0000016197028A6C_GAME_MASTER = ..\www\tech\GAME_MASTER\archive\0000016197028A6C_GAME_MASTER
		..\www\tech\GAME_MASTER\archive\0000016197028A6C_GAME_MASTER.json = ..\www\tech\GAME_MASTER\archive\0000016197028A6C_GAME_MASTER.json
		..\www\tech\GAME_MASTER\archive\000001621E4248D5_GAME_MASTER = ..\www\tech\GAME_MASTER\archive\000001621E4248D5_GAME_MASTER
		..\www\tech\GAME_MASTER\archive\000001621E4248D5_GAME_MASTER.json = ..\www\tech\GAME_MASTER\archive\000001621E4248D5_GAME_MASTER.json
		..\www\tech\GAME_MASTER\archive\0000016230625B87_GAME_MASTER = ..\www\tech\GAME_MASTER\archive\0000016230625B87_GAME_MASTER
		..\www\tech\GAME_MASTER\archive\0000016230625B87_GAME_MASTER.json = ..\www\tech\GAME_MASTER\archive\0000016230625B87_GAME_MASTER.json
		..\www\tech\GAME_MASTER\archive\000001625B22CC2B_GAME_MASTER = ..\www\tech\GAME_MASTER\archive\000001625B22CC2B_GAME_MASTER
		..\www\tech\GAME_MASTER\archive\000001625B22CC2B_GAME_MASTER.json = ..\www\tech\GAME_MASTER\archive\000001625B22CC2B_GAME_MASTER.json
		..\www\tech\GAME_MASTER\archive\000001627CA8D939_GAME_MASTER = ..\www\tech\GAME_MASTER\archive\000001627CA8D939_GAME_MASTER
		..\www\tech\GAME_MASTER\archive\000001627CA8D939_GAME_MASTER.json = ..\www\tech\GAME_MASTER\archive\000001627CA8D939_GAME_MASTER.json
		..\www\tech\GAME_MASTER\archive\00000162879B7C8E_GAME_MASTER = ..\www\tech\GAME_MASTER\archive\00000162879B7C8E_GAME_MASTER
		..\www\tech\GAME_MASTER\archive\00000162879B7C8E_GAME_MASTER.json = ..\www\tech\GAME_MASTER\archive\00000162879B7C8E_GAME_MASTER.json
		..\www\tech\GAME_MASTER\archive\0000016322DEEA14_GAME_MASTER = ..\www\tech\GAME_MASTER\archive\0000016322DEEA14_GAME_MASTER
		..\www\tech\GAME_MASTER\archive\0000016322DEEA14_GAME_MASTER.json = ..\www\tech\GAME_MASTER\archive\0000016322DEEA14_GAME_MASTER.json
		..\www\tech\GAME_MASTER\archive\00000163A26D83E5_GAME_MASTER = ..\www\tech\GAME_MASTER\archive\00000163A26D83E5_GAME_MASTER
		..\www\tech\GAME_MASTER\archive\00000163A26D83E5_GAME_MASTER.json = ..\www\tech\GAME_MASTER\archive\00000163A26D83E5_GAME_MASTER.json
	EndProjectSection
EndProject
Project("{2150E333-8FDC-42A3-9474-1A3956D46DE8}") = "raidboss", "raidboss", "{18DF124E-ABD6-41CD-BF0C-C90D237A5805}"
	ProjectSection(SolutionItems) = preProject
		..\www\_datafiles\raidboss\raidboss.absol.xml = ..\www\_datafiles\raidboss\raidboss.absol.xml
		..\www\_datafiles\raidboss\raidboss.aerodactyl.xml = ..\www\_datafiles\raidboss\raidboss.aerodactyl.xml
		..\www\_datafiles\raidboss\raidboss.aggron.xml = ..\www\_datafiles\raidboss\raidboss.aggron.xml
		..\www\_datafiles\raidboss\raidboss.alakazam.xml = ..\www\_datafiles\raidboss\raidboss.alakazam.xml
		..\www\_datafiles\raidboss\raidboss.arcanine.xml = ..\www\_datafiles\raidboss\raidboss.arcanine.xml
		..\www\_datafiles\raidboss\raidboss.articuno.xml = ..\www\_datafiles\raidboss\raidboss.articuno.xml
		..\www\_datafiles\raidboss\raidboss.azumarill.xml = ..\www\_datafiles\raidboss\raidboss.azumarill.xml
		..\www\_datafiles\raidboss\raidboss.bayleef.xml = ..\www\_datafiles\raidboss\raidboss.bayleef.xml
		..\www\_datafiles\raidboss\raidboss.blastoise.xml = ..\www\_datafiles\raidboss\raidboss.blastoise.xml
		..\www\_datafiles\raidboss\raidboss.breloom.xml = ..\www\_datafiles\raidboss\raidboss.breloom.xml
		..\www\_datafiles\raidboss\raidboss.celebi.xml = ..\www\_datafiles\raidboss\raidboss.celebi.xml
		..\www\_datafiles\raidboss\raidboss.charizard.xml = ..\www\_datafiles\raidboss\raidboss.charizard.xml
		..\www\_datafiles\raidboss\raidboss.charmeleon.xml = ..\www\_datafiles\raidboss\raidboss.charmeleon.xml
		..\www\_datafiles\raidboss\raidboss.claydol.xml = ..\www\_datafiles\raidboss\raidboss.claydol.xml
		..\www\_datafiles\raidboss\raidboss.cloyster.xml = ..\www\_datafiles\raidboss\raidboss.cloyster.xml
		..\www\_datafiles\raidboss\raidboss.combusken.xml = ..\www\_datafiles\raidboss\raidboss.combusken.xml
		..\www\_datafiles\raidboss\raidboss.croconaw.xml = ..\www\_datafiles\raidboss\raidboss.croconaw.xml
		..\www\_datafiles\raidboss\raidboss.deoxys.xml = ..\www\_datafiles\raidboss\raidboss.deoxys.xml
		..\www\_datafiles\raidboss\raidboss.dewgong.xml = ..\www\_datafiles\raidboss\raidboss.dewgong.xml
		..\www\_datafiles\raidboss\raidboss.duskull.xml = ..\www\_datafiles\raidboss\raidboss.duskull.xml
		..\www\_datafiles\raidboss\raidboss.electabuzz.xml = ..\www\_datafiles\raidboss\raidboss.electabuzz.xml
		..\www\_datafiles\raidboss\raidboss.entei.xml = ..\www\_datafiles\raidboss\raidboss.entei.xml
		..\www\_datafiles\raidboss\raidboss.exeggutor.xml = ..\www\_datafiles\raidboss\raidboss.exeggutor.xml
		..\www\_datafiles\raidboss\raidboss.feraligatr.xml = ..\www\_datafiles\raidboss\raidboss.feraligatr.xml
		..\www\_datafiles\raidboss\raidboss.flareon.xml = ..\www\_datafiles\raidboss\raidboss.flareon.xml
		..\www\_datafiles\raidboss\raidboss.gengar.xml = ..\www\_datafiles\raidboss\raidboss.gengar.xml
		..\www\_datafiles\raidboss\raidboss.golem.xml = ..\www\_datafiles\raidboss\raidboss.golem.xml
		..\www\_datafiles\raidboss\raidboss.granbull.xml = ..\www\_datafiles\raidboss\raidboss.granbull.xml
		..\www\_datafiles\raidboss\raidboss.groudon.xml = ..\www\_datafiles\raidboss\raidboss.groudon.xml
		..\www\_datafiles\raidboss\raidboss.hitmonchan.xml = ..\www\_datafiles\raidboss\raidboss.hitmonchan.xml
		..\www\_datafiles\raidboss\raidboss.hitmonlee.xml = ..\www\_datafiles\raidboss\raidboss.hitmonlee.xml
		..\www\_datafiles\raidboss\raidboss.ho-oh.xml = ..\www\_datafiles\raidboss\raidboss.ho-oh.xml
		..\www\_datafiles\raidboss\raidboss.houndoom.xml = ..\www\_datafiles\raidboss\raidboss.houndoom.xml
		..\www\_datafiles\raidboss\raidboss.ivysaur.xml = ..\www\_datafiles\raidboss\raidboss.ivysaur.xml
		..\www\_datafiles\raidboss\raidboss.jirachi.xml = ..\www\_datafiles\raidboss\raidboss.jirachi.xml
		..\www\_datafiles\raidboss\raidboss.jolteon.xml = ..\www\_datafiles\raidboss\raidboss.jolteon.xml
		..\www\_datafiles\raidboss\raidboss.jynx.xml = ..\www\_datafiles\raidboss\raidboss.jynx.xml
		..\www\_datafiles\raidboss\raidboss.kyogre.xml = ..\www\_datafiles\raidboss\raidboss.kyogre.xml
		..\www\_datafiles\raidboss\raidboss.lapras.xml = ..\www\_datafiles\raidboss\raidboss.lapras.xml
		..\www\_datafiles\raidboss\raidboss.latias.xml = ..\www\_datafiles\raidboss\raidboss.latias.xml
		..\www\_datafiles\raidboss\raidboss.latios.xml = ..\www\_datafiles\raidboss\raidboss.latios.xml
		..\www\_datafiles\raidboss\raidboss.lugia.xml = ..\www\_datafiles\raidboss\raidboss.lugia.xml
		..\www\_datafiles\raidboss\raidboss.machamp.xml = ..\www\_datafiles\raidboss\raidboss.machamp.xml
		..\www\_datafiles\raidboss\raidboss.magikarp.xml = ..\www\_datafiles\raidboss\raidboss.magikarp.xml
		..\www\_datafiles\raidboss\raidboss.magmar.xml = ..\www\_datafiles\raidboss\raidboss.magmar.xml
		..\www\_datafiles\raidboss\raidboss.magneton.xml = ..\www\_datafiles\raidboss\raidboss.magneton.xml
		..\www\_datafiles\raidboss\raidboss.manectric.xml = ..\www\_datafiles\raidboss\raidboss.manectric.xml
		..\www\_datafiles\raidboss\raidboss.marowak.xml = ..\www\_datafiles\raidboss\raidboss.marowak.xml
		..\www\_datafiles\raidboss\raidboss.mawile.xml = ..\www\_datafiles\raidboss\raidboss.mawile.xml
		..\www\_datafiles\raidboss\raidboss.metapod.xml = ..\www\_datafiles\raidboss\raidboss.metapod.xml
		..\www\_datafiles\raidboss\raidboss.mewtwo.xml = ..\www\_datafiles\raidboss\raidboss.mewtwo.xml
		..\www\_datafiles\raidboss\raidboss.misdreavus.xml = ..\www\_datafiles\raidboss\raidboss.misdreavus.xml
		..\www\_datafiles\raidboss\raidboss.moltres.xml = ..\www\_datafiles\raidboss\raidboss.moltres.xml
		..\www\_datafiles\raidboss\raidboss.muk.xml = ..\www\_datafiles\raidboss\raidboss.muk.xml
		..\www\_datafiles\raidboss\raidboss.nidoking.xml = ..\www\_datafiles\raidboss\raidboss.nidoking.xml
		..\www\_datafiles\raidboss\raidboss.nidoqueen.xml = ..\www\_datafiles\raidboss\raidboss.nidoqueen.xml
		..\www\_datafiles\raidboss\raidboss.ninetales.xml = ..\www\_datafiles\raidboss\raidboss.ninetales.xml
		..\www\_datafiles\raidboss\raidboss.omastar.xml = ..\www\_datafiles\raidboss\raidboss.omastar.xml
		..\www\_datafiles\raidboss\raidboss.piloswine.xml = ..\www\_datafiles\raidboss\raidboss.piloswine.xml
		..\www\_datafiles\raidboss\raidboss.pinsir.xml = ..\www\_datafiles\raidboss\raidboss.pinsir.xml
		..\www\_datafiles\raidboss\raidboss.poliwrath.xml = ..\www\_datafiles\raidboss\raidboss.poliwrath.xml
		..\www\_datafiles\raidboss\raidboss.porygon.xml = ..\www\_datafiles\raidboss\raidboss.porygon.xml
		..\www\_datafiles\raidboss\raidboss.primeape.xml = ..\www\_datafiles\raidboss\raidboss.primeape.xml
		..\www\_datafiles\raidboss\raidboss.quilava.xml = ..\www\_datafiles\raidboss\raidboss.quilava.xml
		..\www\_datafiles\raidboss\raidboss.raikou.xml = ..\www\_datafiles\raidboss\raidboss.raikou.xml
		..\www\_datafiles\raidboss\raidboss.rayquaza.xml = ..\www\_datafiles\raidboss\raidboss.rayquaza.xml
		..\www\_datafiles\raidboss\raidboss.regice.xml = ..\www\_datafiles\raidboss\raidboss.regice.xml
		..\www\_datafiles\raidboss\raidboss.regirock.xml = ..\www\_datafiles\raidboss\raidboss.regirock.xml
		..\www\_datafiles\raidboss\raidboss.registeel.xml = ..\www\_datafiles\raidboss\raidboss.registeel.xml
		..\www\_datafiles\raidboss\raidboss.rhydon.xml = ..\www\_datafiles\raidboss\raidboss.rhydon.xml
		..\www\_datafiles\raidboss\raidboss.sableye.xml = ..\www\_datafiles\raidboss\raidboss.sableye.xml
		..\www\_datafiles\raidboss\raidboss.sandslash.xml = ..\www\_datafiles\raidboss\raidboss.sandslash.xml
		..\www\_datafiles\raidboss\raidboss.scyther.xml = ..\www\_datafiles\raidboss\raidboss.scyther.xml
		..\www\_datafiles\raidboss\raidboss.shuppet.xml = ..\www\_datafiles\raidboss\raidboss.shuppet.xml
		..\www\_datafiles\raidboss\raidboss.slowbro.xml = ..\www\_datafiles\raidboss\raidboss.slowbro.xml
		..\www\_datafiles\raidboss\raidboss.sneasel.xml = ..\www\_datafiles\raidboss\raidboss.sneasel.xml
		..\www\_datafiles\raidboss\raidboss.snorlax.xml = ..\www\_datafiles\raidboss\raidboss.snorlax.xml
		..\www\_datafiles\raidboss\raidboss.snorunt.xml = ..\www\_datafiles\raidboss\raidboss.snorunt.xml
		..\www\_datafiles\raidboss\raidboss.starmie.xml = ..\www\_datafiles\raidboss\raidboss.starmie.xml
		..\www\_datafiles\raidboss\raidboss.suicune.xml = ..\www\_datafiles\raidboss\raidboss.suicune.xml
		..\www\_datafiles\raidboss\raidboss.swablu.xml = ..\www\_datafiles\raidboss\raidboss.swablu.xml
		..\www\_datafiles\raidboss\raidboss.tentacruel.xml = ..\www\_datafiles\raidboss\raidboss.tentacruel.xml
		..\www\_datafiles\raidboss\raidboss.tyranitar.xml = ..\www\_datafiles\raidboss\raidboss.tyranitar.xml
		..\www\_datafiles\raidboss\raidboss.vaporeon.xml = ..\www\_datafiles\raidboss\raidboss.vaporeon.xml
		..\www\_datafiles\raidboss\raidboss.venusaur.xml = ..\www\_datafiles\raidboss\raidboss.venusaur.xml
		..\www\_datafiles\raidboss\raidboss.victreebel.xml = ..\www\_datafiles\raidboss\raidboss.victreebel.xml
		..\www\_datafiles\raidboss\raidboss.wailmer.xml = ..\www\_datafiles\raidboss\raidboss.wailmer.xml
		..\www\_datafiles\raidboss\raidboss.walrein.xml = ..\www\_datafiles\raidboss\raidboss.walrein.xml
		..\www\_datafiles\raidboss\raidboss.wartortle.xml = ..\www\_datafiles\raidboss\raidboss.wartortle.xml
		..\www\_datafiles\raidboss\raidboss.weezing.xml = ..\www\_datafiles\raidboss\raidboss.weezing.xml
		..\www\_datafiles\raidboss\raidboss.zapdos.xml = ..\www\_datafiles\raidboss\raidboss.zapdos.xml
	EndProjectSection
EndProject
Project("{2150E333-8FDC-42A3-9474-1A3956D46DE8}") = "encounter", "encounter", "{3A03E38F-EC57-4767-82C6-D554866131C9}"
	ProjectSection(SolutionItems) = preProject
		..\www\_datafiles\encounter\encounter.bulbasaur.xml = ..\www\_datafiles\encounter\encounter.bulbasaur.xml
		..\www\_datafiles\encounter\encounter.chansey.xml = ..\www\_datafiles\encounter\encounter.chansey.xml
		..\www\_datafiles\encounter\encounter.charmander.xml = ..\www\_datafiles\encounter\encounter.charmander.xml
		..\www\_datafiles\encounter\encounter.charmeleon.xml = ..\www\_datafiles\encounter\encounter.charmeleon.xml
		..\www\_datafiles\encounter\encounter.cyndaquil.xml = ..\www\_datafiles\encounter\encounter.cyndaquil.xml
		..\www\_datafiles\encounter\encounter.doduo.xml = ..\www\_datafiles\encounter\encounter.doduo.xml
		..\www\_datafiles\encounter\encounter.dratini.xml = ..\www\_datafiles\encounter\encounter.dratini.xml
		..\www\_datafiles\encounter\encounter.eevee.xml = ..\www\_datafiles\encounter\encounter.eevee.xml
		..\www\_datafiles\encounter\encounter.ekans.xml = ..\www\_datafiles\encounter\encounter.ekans.xml
		..\www\_datafiles\encounter\encounter.electabuzz.xml = ..\www\_datafiles\encounter\encounter.electabuzz.xml
		..\www\_datafiles\encounter\encounter.exeggcute.xml = ..\www\_datafiles\encounter\encounter.exeggcute.xml
		..\www\_datafiles\encounter\encounter.exeggutor.xml = ..\www\_datafiles\encounter\encounter.exeggutor.xml
		..\www\_datafiles\encounter\encounter.flareon.xml = ..\www\_datafiles\encounter\encounter.flareon.xml
		..\www\_datafiles\encounter\encounter.gastly.xml = ..\www\_datafiles\encounter\encounter.gastly.xml
		..\www\_datafiles\encounter\encounter.grimer.xml = ..\www\_datafiles\encounter\encounter.grimer.xml
		..\www\_datafiles\encounter\encounter.growlithe.xml = ..\www\_datafiles\encounter\encounter.growlithe.xml
		..\www\_datafiles\encounter\encounter.houndour.xml = ..\www\_datafiles\encounter\encounter.houndour.xml
		..\www\_datafiles\encounter\encounter.jynx.xml = ..\www\_datafiles\encounter\encounter.jynx.xml
		..\www\_datafiles\encounter\encounter.larvitar.xml = ..\www\_datafiles\encounter\encounter.larvitar.xml
		..\www\_datafiles\encounter\encounter.machop.xml = ..\www\_datafiles\encounter\encounter.machop.xml
		..\www\_datafiles\encounter\encounter.magcargo.xml = ..\www\_datafiles\encounter\encounter.magcargo.xml
		..\www\_datafiles\encounter\encounter.magikarp.xml = ..\www\_datafiles\encounter\encounter.magikarp.xml
		..\www\_datafiles\encounter\encounter.magmar.xml = ..\www\_datafiles\encounter\encounter.magmar.xml
		..\www\_datafiles\encounter\encounter.mankey.xml = ..\www\_datafiles\encounter\encounter.mankey.xml
		..\www\_datafiles\encounter\encounter.mew.xml = ..\www\_datafiles\encounter\encounter.mew.xml
		..\www\_datafiles\encounter\encounter.ninetales.xml = ..\www\_datafiles\encounter\encounter.ninetales.xml
		..\www\_datafiles\encounter\encounter.numel.xml = ..\www\_datafiles\encounter\encounter.numel.xml
		..\www\_datafiles\encounter\encounter.onix.xml = ..\www\_datafiles\encounter\encounter.onix.xml
		..\www\_datafiles\encounter\encounter.pikachu.xml = ..\www\_datafiles\encounter\encounter.pikachu.xml
		..\www\_datafiles\encounter\encounter.pinsir.xml = ..\www\_datafiles\encounter\encounter.pinsir.xml
		..\www\_datafiles\encounter\encounter.polywag.xml = ..\www\_datafiles\encounter\encounter.polywag.xml
		..\www\_datafiles\encounter\encounter.ponyta.xml = ..\www\_datafiles\encounter\encounter.ponyta.xml
		..\www\_datafiles\encounter\encounter.quilava.xml = ..\www\_datafiles\encounter\encounter.quilava.xml
		..\www\_datafiles\encounter\encounter.squirtle.xml = ..\www\_datafiles\encounter\encounter.squirtle.xml
		..\www\_datafiles\encounter\encounter.tangela.xml = ..\www\_datafiles\encounter\encounter.tangela.xml
		..\www\_datafiles\encounter\encounter.torchic.xml = ..\www\_datafiles\encounter\encounter.torchic.xml
		..\www\_datafiles\encounter\encounter.voltorb.xml = ..\www\_datafiles\encounter\encounter.voltorb.xml
		..\www\_datafiles\encounter\encounter.vulpix.xml = ..\www\_datafiles\encounter\encounter.vulpix.xml
	EndProjectSection
EndProject
Project("{2150E333-8FDC-42A3-9474-1A3956D46DE8}") = "External Files", "External Files", "{DFEB90EA-66BA-4B13-B9C3-72521C8792F8}"
EndProject
Project("{FAE04EC0-301F-11D3-BF4B-00C04F79EFBC}") = "GM_DataGenerator", "GM_DataGenerator\GM_DataGenerator.csproj", "{6CDB5492-83CA-4613-876D-4436D3278E66}"
EndProject
Project("{FAE04EC0-301F-11D3-BF4B-00C04F79EFBC}") = "GM_Decoder", "GM_Decoder\GM_Decoder.csproj", "{6E4EC8D8-5448-4117-9FA3-4EB6221DEB10}"
EndProject
Project("{FAE04EC0-301F-11D3-BF4B-00C04F79EFBC}") = "Utils", "..\..\Projects\Utils\Utils.csproj", "{6B808C0F-6E4A-4F0D-9200-B6807F1196B6}"
EndProject
Project("{FAE04EC0-301F-11D3-BF4B-00C04F79EFBC}") = "GM_protogen", "GM_protogen\GM_protogen.csproj", "{36903DA1-3191-4C43-A5AE-9537D87FDBCC}"
EndProject
Project("{2150E333-8FDC-42A3-9474-1A3956D46DE8}") = ".proj", ".proj", "{C3C36E44-FE5E-4BA7-9C62-DC4C6866D21B}"
	ProjectSection(SolutionItems) = preProject
		..\www\encounters.proj = ..\www\encounters.proj
		..\www\GAME_MASTER.proj = ..\www\GAME_MASTER.proj
		..\www\raidbosses.proj = ..\www\raidbosses.proj
	EndProjectSection
EndProject
Global
	GlobalSection(SolutionConfigurationPlatforms) = preSolution
		Debug|Any CPU = Debug|Any CPU
		Release|Any CPU = Release|Any CPU
		VS|Any CPU = VS|Any CPU
	EndGlobalSection
	GlobalSection(ProjectConfigurationPlatforms) = postSolution
		{6CDB5492-83CA-4613-876D-4436D3278E66}.Debug|Any CPU.ActiveCfg = Debug|Any CPU
		{6CDB5492-83CA-4613-876D-4436D3278E66}.Debug|Any CPU.Build.0 = Debug|Any CPU
		{6CDB5492-83CA-4613-876D-4436D3278E66}.Release|Any CPU.ActiveCfg = Release|Any CPU
		{6CDB5492-83CA-4613-876D-4436D3278E66}.Release|Any CPU.Build.0 = Release|Any CPU
		{6CDB5492-83CA-4613-876D-4436D3278E66}.VS|Any CPU.ActiveCfg = Release|Any CPU
		{6CDB5492-83CA-4613-876D-4436D3278E66}.VS|Any CPU.Build.0 = Release|Any CPU
		{6E4EC8D8-5448-4117-9FA3-4EB6221DEB10}.Debug|Any CPU.ActiveCfg = Debug|Any CPU
		{6E4EC8D8-5448-4117-9FA3-4EB6221DEB10}.Debug|Any CPU.Build.0 = Debug|Any CPU
		{6E4EC8D8-5448-4117-9FA3-4EB6221DEB10}.Release|Any CPU.ActiveCfg = Release|Any CPU
		{6E4EC8D8-5448-4117-9FA3-4EB6221DEB10}.Release|Any CPU.Build.0 = Release|Any CPU
		{6E4EC8D8-5448-4117-9FA3-4EB6221DEB10}.VS|Any CPU.ActiveCfg = Release|Any CPU
		{6E4EC8D8-5448-4117-9FA3-4EB6221DEB10}.VS|Any CPU.Build.0 = Release|Any CPU
		{6B808C0F-6E4A-4F0D-9200-B6807F1196B6}.Debug|Any CPU.ActiveCfg = Debug|Any CPU
		{6B808C0F-6E4A-4F0D-9200-B6807F1196B6}.Debug|Any CPU.Build.0 = Debug|Any CPU
		{6B808C0F-6E4A-4F0D-9200-B6807F1196B6}.Release|Any CPU.ActiveCfg = Release|Any CPU
		{6B808C0F-6E4A-4F0D-9200-B6807F1196B6}.Release|Any CPU.Build.0 = Release|Any CPU
		{6B808C0F-6E4A-4F0D-9200-B6807F1196B6}.VS|Any CPU.ActiveCfg = Release|Any CPU
		{6B808C0F-6E4A-4F0D-9200-B6807F1196B6}.VS|Any CPU.Build.0 = Release|Any CPU
		{36903DA1-3191-4C43-A5AE-9537D87FDBCC}.Debug|Any CPU.ActiveCfg = Debug|Any CPU
		{36903DA1-3191-4C43-A5AE-9537D87FDBCC}.Debug|Any CPU.Build.0 = Debug|Any CPU
		{36903DA1-3191-4C43-A5AE-9537D87FDBCC}.Release|Any CPU.ActiveCfg = Release|Any CPU
		{36903DA1-3191-4C43-A5AE-9537D87FDBCC}.Release|Any CPU.Build.0 = Release|Any CPU
		{36903DA1-3191-4C43-A5AE-9537D87FDBCC}.VS|Any CPU.ActiveCfg = Release|Any CPU
		{36903DA1-3191-4C43-A5AE-9537D87FDBCC}.VS|Any CPU.Build.0 = Release|Any CPU
	EndGlobalSection
	GlobalSection(SolutionProperties) = preSolution
		HideSolutionNode = FALSE
	EndGlobalSection
	GlobalSection(NestedProjects) = preSolution
		{E1E2B8AD-800A-478A-A52E-C0AC01EF4C5B} = {DFEB90EA-66BA-4B13-B9C3-72521C8792F8}
		{4B403EE7-11D2-4ACC-8FA1-6580E030B295} = {DFEB90EA-66BA-4B13-B9C3-72521C8792F8}
		{1961D0E4-395F-4ECA-A2AB-3822862C9244} = {DFEB90EA-66BA-4B13-B9C3-72521C8792F8}
		{18DF124E-ABD6-41CD-BF0C-C90D237A5805} = {4B403EE7-11D2-4ACC-8FA1-6580E030B295}
		{3A03E38F-EC57-4767-82C6-D554866131C9} = {4B403EE7-11D2-4ACC-8FA1-6580E030B295}
		{C3C36E44-FE5E-4BA7-9C62-DC4C6866D21B} = {DFEB90EA-66BA-4B13-B9C3-72521C8792F8}
	EndGlobalSection
	GlobalSection(ExtensibilityGlobals) = postSolution
		SolutionGuid = {D4815CDF-AFF0-4B51-BAA0-31B2FA8CE570}
	EndGlobalSection
EndGlobal
