
Microsoft Visual Studio Solution File, Format Version 12.00
# Visual Studio 15
VisualStudioVersion = 15.0.27703.2000
MinimumVisualStudioVersion = 10.0.40219.1
Project("{E24C65DC-7377-472B-9ABA-BC803B73C61A}") = "POGOProtos", "POGOProtos\", "{FB407F32-56D7-438E-B750-DCCF72DBE177}"
	ProjectSection(WebsiteProperties) = preProject
		TargetFrameworkMoniker = ".NETFramework,Version%3Dv4.0"
		Debug.AspNetCompiler.VirtualPath = "/localhost_56310"
		Debug.AspNetCompiler.PhysicalPath = "POGOProtos\"
		Debug.AspNetCompiler.TargetPath = "PrecompiledWeb\localhost_56310\"
		Debug.AspNetCompiler.Updateable = "true"
		Debug.AspNetCompiler.ForceOverwrite = "true"
		Debug.AspNetCompiler.FixedNames = "false"
		Debug.AspNetCompiler.Debug = "True"
		Release.AspNetCompiler.VirtualPath = "/localhost_56310"
		Release.AspNetCompiler.PhysicalPath = "POGOProtos\"
		Release.AspNetCompiler.TargetPath = "PrecompiledWeb\localhost_56310\"
		Release.AspNetCompiler.Updateable = "true"
		Release.AspNetCompiler.ForceOverwrite = "true"
		Release.AspNetCompiler.FixedNames = "false"
		Release.AspNetCompiler.Debug = "False"
		VWDPort = "56310"
	EndProjectSection
EndProject
Global
	GlobalSection(SolutionConfigurationPlatforms) = preSolution
		Debug|Any CPU = Debug|Any CPU
	EndGlobalSection
	GlobalSection(ProjectConfigurationPlatforms) = postSolution
		{FB407F32-56D7-438E-B750-DCCF72DBE177}.Debug|Any CPU.ActiveCfg = Debug|Any CPU
		{FB407F32-56D7-438E-B750-DCCF72DBE177}.Debug|Any CPU.Build.0 = Debug|Any CPU
	EndGlobalSection
	GlobalSection(SolutionProperties) = preSolution
		HideSolutionNode = FALSE
	EndGlobalSection
	GlobalSection(ExtensibilityGlobals) = postSolution
		SolutionGuid = {CFE3C0D9-B865-48B9-9CC8-8AEA71EB5C16}
	EndGlobalSection
EndGlobal
